{
  "version": "3",
  "packages": {
    "specifiers": {
      "jsr:@std/dotenv@^0.224.0": "jsr:@std/dotenv@0.224.0"
    },
    "jsr": {
      "@std/dotenv@0.224.0": {
        "integrity": "d9234cdf551507dcda60abb6c474289843741d8c07ee8ce540c60f5c1b220a1d"
      }
    }
  },
  "remote": {
    "https://deno.land/std@0.181.0/_util/asserts.ts": "178dfc49a464aee693a7e285567b3d0b555dc805ff490505a8aae34f9cfb1462",
    "https://deno.land/std@0.181.0/_util/os.ts": "d932f56d41e4f6a6093d56044e29ce637f8dcc43c5a90af43504a889cf1775e3",
    "https://deno.land/std@0.181.0/fs/_util.ts": "65381f341af1ff7f40198cee15c20f59951ac26e51ddc651c5293e24f9ce6f32",
    "https://deno.land/std@0.181.0/fs/copy.ts": "14214efd94fc3aa6db1e4af2b4b9578e50f7362b7f3725d5a14ad259a5df26c8",
    "https://deno.land/std@0.181.0/fs/empty_dir.ts": "c3d2da4c7352fab1cf144a1ecfef58090769e8af633678e0f3fabaef98594688",
    "https://deno.land/std@0.181.0/fs/ensure_dir.ts": "dc64c4c75c64721d4e3fb681f1382f803ff3d2868f08563ff923fdd20d071c40",
    "https://deno.land/std@0.181.0/fs/ensure_file.ts": "c38602670bfaf259d86ca824a94e6cb9e5eb73757fefa4ebf43a90dd017d53d9",
    "https://deno.land/std@0.181.0/fs/ensure_link.ts": "c0f5b2f0ec094ed52b9128eccb1ee23362a617457aa0f699b145d4883f5b2fb4",
    "https://deno.land/std@0.181.0/fs/ensure_symlink.ts": "5006ab2f458159c56d689b53b1e48d57e05eeb1eaf64e677f7f76a30bc4fdba1",
    "https://deno.land/std@0.181.0/fs/eol.ts": "f1f2eb348a750c34500741987b21d65607f352cf7205f48f4319d417fff42842",
    "https://deno.land/std@0.181.0/fs/exists.ts": "b8c8a457b71e9d7f29b9d2f87aad8dba2739cbe637e8926d6ba6e92567875f8e",
    "https://deno.land/std@0.181.0/fs/expand_glob.ts": "e4f56259a0a70fe23f05215b00de3ac5e6ba46646ab2a06ebbe9b010f81c972a",
    "https://deno.land/std@0.181.0/fs/mod.ts": "bc3d0acd488cc7b42627044caf47d72019846d459279544e1934418955ba4898",
    "https://deno.land/std@0.181.0/fs/move.ts": "4cb47f880e3f0582c55e71c9f8b1e5e8cfaacb5e84f7390781dd563b7298ec19",
    "https://deno.land/std@0.181.0/fs/walk.ts": "ea95ffa6500c1eda6b365be488c056edc7c883a1db41ef46ec3bf057b1c0fe32",
    "https://deno.land/std@0.181.0/path/_constants.ts": "e49961f6f4f48039c0dfed3c3f93e963ca3d92791c9d478ac5b43183413136e0",
    "https://deno.land/std@0.181.0/path/_interface.ts": "6471159dfbbc357e03882c2266d21ef9afdb1e4aa771b0545e90db58a0ba314b",
    "https://deno.land/std@0.181.0/path/_util.ts": "d7abb1e0dea065f427b89156e28cdeb32b045870acdf865833ba808a73b576d0",
    "https://deno.land/std@0.181.0/path/common.ts": "ee7505ab01fd22de3963b64e46cff31f40de34f9f8de1fff6a1bd2fe79380000",
    "https://deno.land/std@0.181.0/path/glob.ts": "d479e0a695621c94d3fd7fe7abd4f9499caf32a8de13f25073451c6ef420a4e1",
    "https://deno.land/std@0.181.0/path/mod.ts": "bf718f19a4fdd545aee1b06409ca0805bd1b68ecf876605ce632e932fe54510c",
    "https://deno.land/std@0.181.0/path/posix.ts": "8b7c67ac338714b30c816079303d0285dd24af6b284f7ad63da5b27372a2c94d",
    "https://deno.land/std@0.181.0/path/separator.ts": "0fb679739d0d1d7bf45b68dacfb4ec7563597a902edbaf3c59b50d5bcadd93b1",
    "https://deno.land/std@0.181.0/path/win32.ts": "d186344e5583bcbf8b18af416d13d82b35a317116e6460a5a3953508c3de5bba",
    "https://deno.land/std@0.220.1/fmt/colors.ts": "d239d84620b921ea520125d778947881f62c50e78deef2657073840b8af9559a",
    "https://deno.land/x/danet@2.4.0/mod.ts": "ae460617f8a480adb109d1348b9367163733ac286b4814d16b8fdef28252b670",
    "https://deno.land/x/danet@2.4.0/src/app.ts": "62eddb2354b964ff1691b4c6cd927ce8b7c56893e663ed47d13c9d8093fc60a7",
    "https://deno.land/x/danet@2.4.0/src/deps.ts": "c40805b9a995630def05127c5f46063c64ca915b2b390559985b2f844265d7a7",
    "https://deno.land/x/danet@2.4.0/src/events/constants.ts": "dd281d88bb0aae5abf9a1cfe02ce3d42d854f4db3693eab2c9ba1cd4436472f9",
    "https://deno.land/x/danet@2.4.0/src/events/decorator.ts": "978fd339543eb2165bd9a39238f17abc0aca420491ec850e3a5afddb69d3d740",
    "https://deno.land/x/danet@2.4.0/src/events/events.ts": "024011d52e4f19fdfd93c3014c261f71a158c624492566cb548e9166fc35beb4",
    "https://deno.land/x/danet@2.4.0/src/events/mod.ts": "21570c4898c2a2063d31fd5a51ec4de62f2f59e60c769037400c9e495d2416ff",
    "https://deno.land/x/danet@2.4.0/src/events/module.ts": "f6afbcf3ed6c0820353046ab818341512610490eb64ca6d7f871c8ea5bce48d5",
    "https://deno.land/x/danet@2.4.0/src/exception/filter/decorator.ts": "d9737b2f47af3052906fc8d9da18c3af61bed80e9337c92ba98ba78a26df93d5",
    "https://deno.land/x/danet@2.4.0/src/exception/filter/executor.ts": "7691fdeb334f41207b4b3be4ca15d265df6d60f8c74508200605bd9657f3b932",
    "https://deno.land/x/danet@2.4.0/src/exception/filter/interface.ts": "b3f4074629562c0ffecb5706d01f39a62360fc9982eb55f54a13cd7224b1b1a9",
    "https://deno.land/x/danet@2.4.0/src/exception/filter/mod.ts": "beac6e854147663b64b54075ad8639cd3a58b83ff8978c06f46423ddefefd8f2",
    "https://deno.land/x/danet@2.4.0/src/exception/http/enum.ts": "b2da1bbddbde11082a6af473eea25bbe950086aa1f034a063f0f67319e63ade6",
    "https://deno.land/x/danet@2.4.0/src/exception/http/exceptions.ts": "ea800f85739485456ae3dba911dfd5cea402c7c8555833d04a0560cfc0a7e5ba",
    "https://deno.land/x/danet@2.4.0/src/exception/http/mod.ts": "6063818631d52bad44b5b27b65cee9290a854e1c0d8d1ea740d75be26caffd73",
    "https://deno.land/x/danet@2.4.0/src/exception/mod.ts": "ae042eb95fa0050de4f7aabd76f8587899be2d2a7c9c4c0f354b959e79f0cfb9",
    "https://deno.land/x/danet@2.4.0/src/guard/constants.ts": "1ec87912fde1b2a8e2b0d961fbad1fd8bbbd3b86e56fca6f2f1a0d564c5b03c4",
    "https://deno.land/x/danet@2.4.0/src/guard/decorator.ts": "08bf6e6ba13645812c3d8cdac633396be6601778a1eb49c07418c8f1caeeeec3",
    "https://deno.land/x/danet@2.4.0/src/guard/executor.ts": "fe1e242d132d761c638d8554fcc51b127479f83aa56f23fb58911b5553bb959e",
    "https://deno.land/x/danet@2.4.0/src/guard/interface.ts": "c745814606ab6038dcea29c53216c4709b4b4fdb49db13f50d0c381b424af26c",
    "https://deno.land/x/danet@2.4.0/src/guard/mod.ts": "8fa6a61418bf19f7465a78a3c99ac9991c183d3c852a92f67c6cf1d782ad3f9c",
    "https://deno.land/x/danet@2.4.0/src/hook/executor.ts": "8341505f280fb4e45b8b4fb2e5a7669b46655043c088f995ea0b265ca74e13cf",
    "https://deno.land/x/danet@2.4.0/src/hook/interfaces.ts": "e9f891534ceac1b6731e4318857e69be80db4109e198f9a71c004e4d153f7ed9",
    "https://deno.land/x/danet@2.4.0/src/hook/mod.ts": "b9b07654ba715f364b27e053c935400dfff73430b89535eca65cf1692a747ed7",
    "https://deno.land/x/danet@2.4.0/src/injector/decorator.ts": "3e0f755bc15f7fd3100b85b4ac88dfd8a334cbaad95cfc9e1a94e2ae4ab77133",
    "https://deno.land/x/danet@2.4.0/src/injector/injectable/constructor.ts": "a180a18428a44481f227280ba4b795e72065990feb0cdc6787a9be78618eeda9",
    "https://deno.land/x/danet@2.4.0/src/injector/injectable/decorator.ts": "c978b9e61b63286f09abaa4d15a6b0125bdc8cd90f1c55b804dfbe32ee64ba9e",
    "https://deno.land/x/danet@2.4.0/src/injector/injectable/helper.ts": "07d3c13857cf6150f3408c2234f30a23765aaafbc7fb8b16c4dc43462c96d795",
    "https://deno.land/x/danet@2.4.0/src/injector/injectable/mod.ts": "055664bf1f7afc1f37c2fd31e567b40cefc06c56066f57692bed50bf69b123ed",
    "https://deno.land/x/danet@2.4.0/src/injector/injector.ts": "82982d373836dca24edaf2b488461ab09fafcc14135b27c0daf63ebcf6e69493",
    "https://deno.land/x/danet@2.4.0/src/injector/mod.ts": "f6274c29897f538fce9e00c1e3268037e43adb75595d413e29bd541662c47105",
    "https://deno.land/x/danet@2.4.0/src/kv-queue/constants.ts": "20700747f569af1619b17fcc4ce48791dcbc01c72b45c952b8f26f437d443b26",
    "https://deno.land/x/danet@2.4.0/src/kv-queue/decorator.ts": "e9a311ee72cfbd2a0661d472b583a9193f3d279e8fb8c8a57e8f3693d0828ba2",
    "https://deno.land/x/danet@2.4.0/src/kv-queue/kv.ts": "6a526ae5a66cfce09093d6c0dd8e1469b531957577876e12c84edf7d7baa151c",
    "https://deno.land/x/danet@2.4.0/src/kv-queue/mod.ts": "52c4a82562f9bdb1c7c67405c397f4c30c1022eaa0329b44fd34717a97d5458e",
    "https://deno.land/x/danet@2.4.0/src/kv-queue/module.ts": "72f03eba6147b7bcd45ab5b1e96f1d59f6a3aee2cd4b1e08daddb794c29bc5e4",
    "https://deno.land/x/danet@2.4.0/src/logger.ts": "16ce2624f00573e19d87469d4827b8675249d31f3e2585a47f0ac123b2e41255",
    "https://deno.land/x/danet@2.4.0/src/metadata/decorator.ts": "e536384f517193f5ff2fff71015ddb36d06fa985d2208945650264e419122340",
    "https://deno.land/x/danet@2.4.0/src/metadata/helper.ts": "544b9b086f7d014ab5f7e8b6ef3c7198df3665dbe31774a9ea3629a24c6ed4a3",
    "https://deno.land/x/danet@2.4.0/src/metadata/mod.ts": "ddf536f8880fc2761342beb4f0e1833bc0fa3119329aec3eb78aa3258ae79f8e",
    "https://deno.land/x/danet@2.4.0/src/mod.ts": "3db80f14ca39d0445e5e76ccd3b204274152b229e3b9f185f1f1b975b24464f4",
    "https://deno.land/x/danet@2.4.0/src/module/constructor.ts": "49055306a173555616d1f0ac95db9b4f55adaab1dce57177bb36f36303f47843",
    "https://deno.land/x/danet@2.4.0/src/module/decorator.ts": "8dd393b5e8f9ac30f67a0e3f29dec10dd78992240d5030ad07166a402fdeac6e",
    "https://deno.land/x/danet@2.4.0/src/module/mod.ts": "055664bf1f7afc1f37c2fd31e567b40cefc06c56066f57692bed50bf69b123ed",
    "https://deno.land/x/danet@2.4.0/src/renderer/decorator.ts": "2b8689cdd9916a871853158d74bf6f36ae67eedb3cda2adac8272fdc68155c7a",
    "https://deno.land/x/danet@2.4.0/src/renderer/handlebar.ts": "68a19570830b697d409d86ee9fcfd49b3d1a10a7b97e491de354a9bc48c29777",
    "https://deno.land/x/danet@2.4.0/src/renderer/interface.ts": "360199d2fe78d5f268666989e806c70ee6d181446552b0b791eb0a3ccf7e1706",
    "https://deno.land/x/danet@2.4.0/src/router/controller/constructor.ts": "0c4d0163c18cfe03a6b62391fa6e3d5c0bada508ddef9cba11b7e67db5f6d7c5",
    "https://deno.land/x/danet@2.4.0/src/router/controller/decorator.ts": "186795300746570ac7b91924ea56b43f4afc341044235ef2d8c5f57d81d0489a",
    "https://deno.land/x/danet@2.4.0/src/router/controller/mod.ts": "57162eec9e9a403f57ed703b7497c45e1a32167e82f7fa353b7a825f259a52d6",
    "https://deno.land/x/danet@2.4.0/src/router/controller/params/decorators.ts": "51ac332e5317ff6baa8b69a490d4da8cbd362dee2d48328a4f1b1aac8df48d0d",
    "https://deno.land/x/danet@2.4.0/src/router/controller/params/mod.ts": "fb12984280f5149b3f5b5fe74eec42a90f98cd50cc6cf7a0e7c023aeef6bd3be",
    "https://deno.land/x/danet@2.4.0/src/router/controller/params/resolver.ts": "17acdea943c977b4f3dca37d2d91a5b5dddb69016328be03e5839abb318100dd",
    "https://deno.land/x/danet@2.4.0/src/router/middleware/decorator.ts": "fbae9e407e5c1f7bb3774e41455c7f398a16db006ea2020263455c9b75b8e8bf",
    "https://deno.land/x/danet@2.4.0/src/router/middleware/executor.ts": "93c3507bf32ef87ec0732fea15de3c90015ed4b71e438e681baafb18b19d479a",
    "https://deno.land/x/danet@2.4.0/src/router/middleware/global-container.ts": "e3ed934b6151d50dfbe4c6bf25325c3ca70d78ebd5a3bc797982a6d16b706e36",
    "https://deno.land/x/danet@2.4.0/src/router/middleware/mod.ts": "e78cf192bd6e8a2ffada19c9086a233c4d37b3291383a8f0160630fd9ce043d6",
    "https://deno.land/x/danet@2.4.0/src/router/mod.ts": "07959eb301197cec5aeafd27216aa1b61ff27675408416a7a834cbab9361d033",
    "https://deno.land/x/danet@2.4.0/src/router/router.ts": "6fd0bff690a1339f349d79e1155a84ee820e0d7728275174feeb48946c412f06",
    "https://deno.land/x/danet@2.4.0/src/router/utils.ts": "3be4013ad9a27ce0784049d00d144077e993380cb52454cf4db01fce9572a253",
    "https://deno.land/x/danet@2.4.0/src/router/websocket/payload.ts": "20e4e90bb05295b1ae2f91bdabac4bac483c67caaad0ffdba2f14f3a4b5d5d8f",
    "https://deno.land/x/danet@2.4.0/src/router/websocket/router.ts": "fc24efe3eafbbabc9df7540227b3d87a2f61d797e563189b2be07fd25ca09718",
    "https://deno.land/x/danet@2.4.0/src/schedule/constants.ts": "68ace22d185b510f7412ab58547ca00ab4ef59f7c9966ecf5f097d72513d4239",
    "https://deno.land/x/danet@2.4.0/src/schedule/decorator.ts": "ad635df7721e00ce7e9cfc74fac21a8d37d2dd085b3142243a61b0bcb712d877",
    "https://deno.land/x/danet@2.4.0/src/schedule/enum.ts": "6f909a93a4efd97ef59e1979db1e6becd4f08bfee15fb3fb542a20a43d58f441",
    "https://deno.land/x/danet@2.4.0/src/schedule/mod.ts": "56c77cc41f689b91d110adc3f0030c37ebe7d9443b5d71730ef3ab7822786b93",
    "https://deno.land/x/danet@2.4.0/src/schedule/module.ts": "a793469c63facf5904e046f472ad116c05b4bf92429ed493174657a8b2a8b02a",
    "https://deno.land/x/danet@2.4.0/src/schedule/types.ts": "756ddf5ec5aa018347f5c750f3df73484e00c43ca6af54bd9d444e9f00c5e534",
    "https://deno.land/x/danet@2.4.0/src/sse/event.ts": "6276ce3bf7c47f6ecd61ba364a7dd6f9c8a4a59af2d0431c6457c2852ad57d65",
    "https://deno.land/x/danet@2.4.0/src/sse/message.ts": "32bf2934581f2b1b8960b1d0b59c8004458583318507cda1a1f5cac03ef1171e",
    "https://deno.land/x/danet@2.4.0/src/utils/constructor.ts": "77725b0ca04ac63c9f006b55c8c6a70c422722a12b90a18e76c7f8a9250e0ab4",
    "https://deno.land/x/danet@2.4.0/src/utils/filepath.ts": "0b8e6739dac9b598e967ff11c8a985860d067bb0371f67952f458432288eda36",
    "https://deno.land/x/danet@2.4.0/src/utils/get-mime.ts": "9e10f3262170c09da67680fd80738a871c8d8b4e04fb73df660afc76b3489e6c",
    "https://deno.land/x/danet@2.4.0/src/utils/mod.ts": "d153c6c4108193f21ade3a81acbe348d387e12ced8360caff51e17a11ece852f",
    "https://deno.land/x/danet@2.4.0/src/utils/serve-static.ts": "993b0cba1317da1530b0aa6a5a3385ee49ac8868ee30377154eb1c3065a80860",
    "https://deno.land/x/danet@2.4.0/validation.ts": "dfada0898cb427e7c706d16b0461d0b86f4db200f9cc26ded675f3c717215dca",
    "https://deno.land/x/deno_reflect@v0.2.1/Reflect.ts": "82fee1a619fd11c321d0db7f9f4d50b6b5cb4ce321936ba8c8520b8c6c127508",
    "https://deno.land/x/deno_reflect@v0.2.1/mod.ts": "d2ca8f2338a10ecf7ae94b7d8329088f403ef080209c6eeeab3ae279ef904901",
    "https://deno.land/x/handlebars@v0.10.0/mod.ts": "7d0bbcf1870f3a71199e0a2e05d3f2d536aa3a4d975598364d94efc8dd94d0ee",
    "https://deno.land/x/hono@v4.1.5/adapter/deno/serve-static.ts": "62b57d461ecebbc7b98809c4fc2a8358f0828d6e89cdc6841054e5bb3828fc80",
    "https://deno.land/x/hono@v4.1.5/adapter/deno/ssg.ts": "49d73dd0d351fc52a54bfc8094096aff957f5a955a3eb976844ed8d88903bc0f",
    "https://deno.land/x/hono@v4.1.5/adapter/deno/websocket.ts": "032bd72f32103ff948e7ad5945ccb6a32e1ccd507ad222758e72a7b3a7828fb5",
    "https://deno.land/x/hono@v4.1.5/client/client.ts": "b9d07d47a7b23f007fb2ea29a3185885e85a963a63b0f921f93ae2981ee29cda",
    "https://deno.land/x/hono@v4.1.5/client/index.ts": "30def535310a37bede261f1b23d11a9758983b8e9d60a6c56309cee5f6746ab2",
    "https://deno.land/x/hono@v4.1.5/client/utils.ts": "a93e5dc542dceb892a6b39cc793689478627ba958d251794193cf26c0ecf5800",
    "https://deno.land/x/hono@v4.1.5/compose.ts": "37d6e33b7db80e4c43a0629b12fd3a1e3406e7d9e62a4bfad4b30426ea7ae4f1",
    "https://deno.land/x/hono@v4.1.5/context.ts": "3d8c8a1aaea396fe22e2db822e1a270482c7f4b3b273f8f05ae3b240408bc7b2",
    "https://deno.land/x/hono@v4.1.5/helper.ts": "cf9f0fea6a338bea6104ba1518cce84f5d9f826e64e3bfa22dbc49d9ce56b85b",
    "https://deno.land/x/hono@v4.1.5/helper/accepts/accepts.ts": "46330f2ff384b266ab2227f7943366c09d752c9b58e2908e7b7726548e8954d3",
    "https://deno.land/x/hono@v4.1.5/helper/accepts/index.ts": "88a18cb5f7b15ec2bd515b6fbf5a2a8b5f77d1edbd6f7e1632afe5d755b2cf50",
    "https://deno.land/x/hono@v4.1.5/helper/adapter/index.ts": "5a4ca736487a2a8303bdac9fff710eae38e6f39ed70eb171eed78e5f64da84df",
    "https://deno.land/x/hono@v4.1.5/helper/cookie/index.ts": "80b98f8a014e8b03a9130cce9fb03f6175f82a64367e954d120634f8543556e2",
    "https://deno.land/x/hono@v4.1.5/helper/css/common.ts": "596f3e777c11a73be52585c2140e80f8ad87f1ef3c483514480e11fb7394e986",
    "https://deno.land/x/hono@v4.1.5/helper/css/index.ts": "f91b6c473f033c420077554bcc8c11635194e3ee49c974c22bbacf2b3449b63c",
    "https://deno.land/x/hono@v4.1.5/helper/dev/index.ts": "86b2e7a3f8e60138c4280027b7267db41d53fac138cfa5fb4ce6b42045d50bb3",
    "https://deno.land/x/hono@v4.1.5/helper/factory/index.ts": "da87032bd93785827448e5d1369c90f6d453cdd12ded597d4ca4051e3309e468",
    "https://deno.land/x/hono@v4.1.5/helper/html/index.ts": "48a0ddc576c10452db6c3cab03dd4ee6986ab61ebdc667335b40a81fa0487f69",
    "https://deno.land/x/hono@v4.1.5/helper/ssg/index.ts": "32994fd843088ddc5d9adb0d43469371fa974fda08be76d263e53605ebfdadb3",
    "https://deno.land/x/hono@v4.1.5/helper/ssg/middleware.ts": "5728a41811294b23563d551e67156cd32da461645f410db23be275c17d7d5b76",
    "https://deno.land/x/hono@v4.1.5/helper/ssg/ssg.ts": "77406bddbf40b939c565aaa8ce4b9ea174030d24d420bd67296c285532b9c17c",
    "https://deno.land/x/hono@v4.1.5/helper/ssg/utils.ts": "90ff5f2f9a57e7cf2f76362ce0b2179677f46390ddf0cce0f5c2023db179d847",
    "https://deno.land/x/hono@v4.1.5/helper/streaming/index.ts": "e4955c04cb5fe4d65abec256ff3f598c87958a1cfd9eece1d6de1b56d16c7723",
    "https://deno.land/x/hono@v4.1.5/helper/streaming/sse.ts": "a88ae4615aace14fea1244538ab80dd591d1d05fb0f4cf57383150af4317d115",
    "https://deno.land/x/hono@v4.1.5/helper/streaming/stream.ts": "a0eeb52395313ecb293edd1294dc21538b024ce1acc4745671f9f1548825cba2",
    "https://deno.land/x/hono@v4.1.5/helper/streaming/text.ts": "bd8d1973feeabca63016cf638309aaeb829a914bf139a26120ca5c85e2b4ce96",
    "https://deno.land/x/hono@v4.1.5/helper/testing/index.ts": "d4c51e2e1aff03dd1ce906737078931f1e32bcb40ae30652dcd3605247e07ec2",
    "https://deno.land/x/hono@v4.1.5/hono-base.ts": "2a508c026687a1fc12c0458e100e66d5d72e17f6e6532b407d19663aa7300327",
    "https://deno.land/x/hono@v4.1.5/hono.ts": "23edd0140bf0bd5a68c14ae96e5856a5cec6b844277e853b91025e91ea74f416",
    "https://deno.land/x/hono@v4.1.5/http-exception.ts": "cd387c6f7357db375ac3375f0346c6da80b46193b661881f660d6b15293fc086",
    "https://deno.land/x/hono@v4.1.5/jsx/base.ts": "4c1e9f841b8f287ed95541f4e0c6ba9afac2a353cb2a88dc373f27e2261b118b",
    "https://deno.land/x/hono@v4.1.5/jsx/components.ts": "f79ab215f59388f01a69e2d6ec0b841fd3b42ba38e0ee7c93a525cdf06e159f9",
    "https://deno.land/x/hono@v4.1.5/jsx/constants.ts": "03dbf805f4d07e3b34ab05ac84f3c0cb4fbafb2096fba7789a5f6226ca6f21ad",
    "https://deno.land/x/hono@v4.1.5/jsx/context.ts": "2b7a86e6b35da171fab27aa05f09748bb3eba64b26c037ea1da655c07e8f6bc1",
    "https://deno.land/x/hono@v4.1.5/jsx/dom/components.ts": "733da654edb3d4c178a4479649fac2c64e79069e37e848add0c3a49f90e7f2d7",
    "https://deno.land/x/hono@v4.1.5/jsx/dom/context.ts": "39cd1108f0933934075fd88ef98139b0f29cce35b5d30d5fed2231daaa19c208",
    "https://deno.land/x/hono@v4.1.5/jsx/dom/css.ts": "476699080c11fa16230e3fd59b6faf551e5d771c2998b4bf03368b3bc1f5a0e0",
    "https://deno.land/x/hono@v4.1.5/jsx/dom/jsx-dev-runtime.ts": "266a61edb91f596f8581218c2afb253449fa700e069298b5a3e96ee064a57183",
    "https://deno.land/x/hono@v4.1.5/jsx/dom/jsx-runtime.ts": "6a50a65306771a9000030f494d92a5fdeeb055112e0126234b2fd9179de1d4f5",
    "https://deno.land/x/hono@v4.1.5/jsx/dom/render.ts": "ca76952d936e4994c08a8eef291a353ea39815f42b547f1b3cb143559b3227ca",
    "https://deno.land/x/hono@v4.1.5/jsx/hooks/index.ts": "868cbd15ab328845ca5f3da9f5f5faf1f4db755ca7dfed5dafb7a904dfa515bd",
    "https://deno.land/x/hono@v4.1.5/jsx/index.ts": "e940d1ce5e3e5bbe9852c3d704a6ba3cabaefd21cf013fd5f5b921696f5afd7e",
    "https://deno.land/x/hono@v4.1.5/jsx/streaming.ts": "6a04614847ce8792b3c43cd9ca091077b4b4e86e756e81f37c672a5d9b7e9097",
    "https://deno.land/x/hono@v4.1.5/jsx/types.ts": "880971bd1e0704a6fba6b786ca596cbe23fc06e36c506f42ea17f84f9879f278",
    "https://deno.land/x/hono@v4.1.5/jsx/utils.ts": "7b9d84ce478c66a5f4709dc3a873ac7104ba3427597683221827abec2761da0e",
    "https://deno.land/x/hono@v4.1.5/middleware.ts": "61d9069cf53fe3ecdd38217275bd9088e25c7698cefd4c930918d717c8a4a58e",
    "https://deno.land/x/hono@v4.1.5/middleware/basic-auth/index.ts": "cb9c6397f291612e2fa2f678e1cd85d427cf4395838d558a9fa2c99727f20fb0",
    "https://deno.land/x/hono@v4.1.5/middleware/bearer-auth/index.ts": "1bfe631db1661cd342a2220614af5e21455ebea11b8c3ed5f6df7ef8d02b9a54",
    "https://deno.land/x/hono@v4.1.5/middleware/body-limit/index.ts": "3fefeaf7e6e576aa1b33f2694072d2eaab692842acd29cb360d98e20eebfe5aa",
    "https://deno.land/x/hono@v4.1.5/middleware/cache/index.ts": "1294ca78a78d0ec279b8b8728837120458eeb429d774715777a412f190950312",
    "https://deno.land/x/hono@v4.1.5/middleware/compress/index.ts": "98c403a5fe7e9c5f5d776350b422b0a125fb34696851b8b14f825b9b7b06f2ac",
    "https://deno.land/x/hono@v4.1.5/middleware/cors/index.ts": "69e208e2bfd6345f14892e59ea817818373b3ebd74163177d687cd47ddbe1f6c",
    "https://deno.land/x/hono@v4.1.5/middleware/csrf/index.ts": "077bb0ce299d79d0d232cb9e462aaa4eaa901164f1310f74a7630f7e6cfe74e8",
    "https://deno.land/x/hono@v4.1.5/middleware/etag/index.ts": "3392aabea4d02dfec51455c5919bff9aad76538b9fde375dd542fbc3f389dd3a",
    "https://deno.land/x/hono@v4.1.5/middleware/jsx-renderer/index.ts": "98ed5803c3bdfded84040d859190a8cf850fc5b9b7fc9016ed1ee55992afca63",
    "https://deno.land/x/hono@v4.1.5/middleware/jwt/index.ts": "d5bbd0568ca703d53c9e005c33f322ea2eb54e3bb9e0e3cf0d6b2322be80a197",
    "https://deno.land/x/hono@v4.1.5/middleware/logger/index.ts": "52a2e968890ada2c11ce89a7a783692c5767b8ed7fb23ccf6b559d255d13ccbc",
    "https://deno.land/x/hono@v4.1.5/middleware/powered-by/index.ts": "6faba0cf042278d60b317b690640bb0b58747690cf280fa09024424c5174e66d",
    "https://deno.land/x/hono@v4.1.5/middleware/pretty-json/index.ts": "2216ce4c9910be009fecac63367c3626b46137d4cf7cb9a82913e501104b4a88",
    "https://deno.land/x/hono@v4.1.5/middleware/secure-headers/index.ts": "24cf3544002e882972842800bce223738b32c9c84bef7f74892e994819765f84",
    "https://deno.land/x/hono@v4.1.5/middleware/serve-static/index.ts": "8a6e0e82ee7459e518ce8dc3d91e7872b272ffdf9a26dbcee3ff17f2157be088",
    "https://deno.land/x/hono@v4.1.5/middleware/timing/index.ts": "241702aa10ab66cc832e8b556c57c236f3bf338a8817d802cb142eae0f852582",
    "https://deno.land/x/hono@v4.1.5/mod.ts": "35fd2a2e14b52365e0ad66f168b067363fd0a60d75cbcb1b01685b04de97d60e",
    "https://deno.land/x/hono@v4.1.5/request.ts": "9c8061eaf4373aa122a77d1aa8e888397425bc5d78bc17c87a2c861375c4f0b3",
    "https://deno.land/x/hono@v4.1.5/router.ts": "880316f561918fc197481755aac2165fdbe2f530b925c5357a9f98d6e2cc85c7",
    "https://deno.land/x/hono@v4.1.5/router/linear-router/index.ts": "8a2a7144c50b1f4a92d9ee99c2c396716af144c868e10608255f969695efccd0",
    "https://deno.land/x/hono@v4.1.5/router/linear-router/router.ts": "928d29894e4b45b047a4f453c7f1745c8b1869cd68447e1cb710c7bbf99a4e29",
    "https://deno.land/x/hono@v4.1.5/router/pattern-router/index.ts": "304a66c50e243872037ed41c7dd79ed0c89d815e17e172e7ad7cdc4bc07d3383",
    "https://deno.land/x/hono@v4.1.5/router/pattern-router/router.ts": "1b5f68e6af942579d3a40ee834294fea3d1f05fd5f70514e46ae301dd0107e46",
    "https://deno.land/x/hono@v4.1.5/router/reg-exp-router/index.ts": "52755829213941756159b7a963097bafde5cc4fc22b13b1c7c9184dc0512d1db",
    "https://deno.land/x/hono@v4.1.5/router/reg-exp-router/node.ts": "7efaa6f4301efc2aad0519c84973061be8555da02e5868409293a1fd98536aaf",
    "https://deno.land/x/hono@v4.1.5/router/reg-exp-router/router.ts": "632f2fa426b3e45a66aeed03f7205dad6d13e8081bed6f8d1d987b6cad8fb455",
    "https://deno.land/x/hono@v4.1.5/router/reg-exp-router/trie.ts": "852ce7207e6701e47fa30889a0d2b8bfcd56d8862c97e7bc9831e0a64bd8835f",
    "https://deno.land/x/hono@v4.1.5/router/smart-router/index.ts": "74f9b4fe15ea535900f2b9b048581915f12fe94e531dd2b0032f5610e61c3bef",
    "https://deno.land/x/hono@v4.1.5/router/smart-router/router.ts": "f1848a2a1eefa316a11853ae12e749552747771fb8a11fe713ae04ea6461140b",
    "https://deno.land/x/hono@v4.1.5/router/trie-router/index.ts": "3eb75e7f71ba81801631b30de6b1f5cefb2c7239c03797e2b2cbab5085911b41",
    "https://deno.land/x/hono@v4.1.5/router/trie-router/node.ts": "5786ed7b85bb55411ede249a381412d39406497285ce23c1eafd50551dcdc632",
    "https://deno.land/x/hono@v4.1.5/router/trie-router/router.ts": "54ced78d35676302c8fcdda4204f7bdf5a7cc907fbf9967c75674b1e394f830d",
    "https://deno.land/x/hono@v4.1.5/types.ts": "99126f2f581dd239df1ace7c8fea139ae150cc950b4bb5cae2290bbbb207964d",
    "https://deno.land/x/hono@v4.1.5/utils/body.ts": "1c7013f83bbef8216b3d862111efd5a183eaa29e86decf9a7eec6cdf25757e93",
    "https://deno.land/x/hono@v4.1.5/utils/buffer.ts": "9066a973e64498cb262c7e932f47eed525a51677b17f90893862b7279dc0773e",
    "https://deno.land/x/hono@v4.1.5/utils/color.ts": "23f8494d4cace2a74d4baf8216c69328ef7e5ed6ca8a402ba92f50144763d927",
    "https://deno.land/x/hono@v4.1.5/utils/concurrent.ts": "789e3d0ee1b106007d0817f668c9f16da1618ef1029773afa0c1a885a5ec4eae",
    "https://deno.land/x/hono@v4.1.5/utils/cookie.ts": "6eaaf6909a4ae11f6c82404e9398e1c247e3f1854d73994a9e2e6fc3cdf7b584",
    "https://deno.land/x/hono@v4.1.5/utils/crypto.ts": "bda0e141bbe46d3a4a20f8fbcb6380d473b617123d9fdfa93e4499410b537acc",
    "https://deno.land/x/hono@v4.1.5/utils/encode.ts": "311dfdfae7eb0b6345e9680f7ebbb3a692e872ed964e2029aca38567af8d1f33",
    "https://deno.land/x/hono@v4.1.5/utils/filepath.ts": "a83e5fe87396bb291a6c5c28e13356fcbea0b5547bad2c3ba9660100ff964000",
    "https://deno.land/x/hono@v4.1.5/utils/handler.ts": "2940f60d3fdae3df1ebde7f88c0f703c64bb1311c2c0a60f97e80a57b5690393",
    "https://deno.land/x/hono@v4.1.5/utils/html.ts": "6ea4f6bf41587a51607dff7a6d2865ef4d5001e4203b07e5c8a45b63a098e871",
    "https://deno.land/x/hono@v4.1.5/utils/jwt/index.ts": "5e4b82a42eb3603351dfce726cd781ca41cb57437395409d227131aec348d2d5",
    "https://deno.land/x/hono@v4.1.5/utils/jwt/jwt.ts": "02ff7bbf1298ffcc7a40266842f8eac44b6c136453e32d4441e24d0cbfba3a95",
    "https://deno.land/x/hono@v4.1.5/utils/jwt/types.ts": "1dd79fce49dcaf54511d9bca88f5ae508cef577225aa581c811b248dc9c7a121",
    "https://deno.land/x/hono@v4.1.5/utils/mime.ts": "1e5db0919d2127995ec466dfd1ee637c3d63084f516ccbd3c6906ccf0d3f3c46",
    "https://deno.land/x/hono@v4.1.5/utils/stream.ts": "491bebbc8cff49eddef05bca2e2d7b7c6d31c8444fdef60ae8a0373df293e6ae",
    "https://deno.land/x/hono@v4.1.5/utils/url.ts": "855169632c61d03703bd08cafb27664ba3fdb352892f01687d5cce8fd49e3cb1",
    "https://deno.land/x/hono@v4.1.5/validator/index.ts": "6c986e8b91dcf857ecc8164a506ae8eea8665792a4ff7215471df669c632ae7c",
    "https://deno.land/x/hono@v4.1.5/validator/validator.ts": "5dd53421e374bb6323fdd6208473fb061a287251075bc4e23f25c10b18c93609",
    "https://deno.land/x/phonenumber@v3.3.0/index-esm.mjs": "b73fa7c9ae3d21e1e34379cdb789e6ded39844ab31f92b728d1f37212b03cc29",
    "https://deno.land/x/validatte@0.7.2/behaviors/common/alpha.ts": "65895c5fac599dab05548948d268154ea2fb6a41b357440774ac08b7643736bd",
    "https://deno.land/x/validatte@0.7.2/behaviors/common/contains.ts": "3a85955c401b1fdc8340cf64bd3bab59a5ecec5645f378c3aa9f748568fe64ba",
    "https://deno.land/x/validatte@0.7.2/behaviors/common/equals.ts": "aa928807ca1dcfc5f9716420b51bc3622e26003aa9c31dfe55201ea8c5bdc01a",
    "https://deno.land/x/validatte@0.7.2/behaviors/common/isAfter.ts": "feddcd65eb411ccd710ae9b846c6b7a24e9329cca65ffc45d46fd298594012f4",
    "https://deno.land/x/validatte@0.7.2/behaviors/common/isAlpha.ts": "c094f3d066375036106af29629be15fb3ea9ccc07befd7a2f0f6f2f4fd487d19",
    "https://deno.land/x/validatte@0.7.2/behaviors/common/isAlphanumeric.ts": "fab791f9778b60da42602595af0ca57dbd9095997dcadb8793ba4414aa498130",
    "https://deno.land/x/validatte@0.7.2/behaviors/common/isAscii.ts": "a4f90e5411479d4f17d228ee6eebdbb9d156445bf6fdfe16cd876e2643008e85",
    "https://deno.land/x/validatte@0.7.2/behaviors/common/isBIC.ts": "c7d34b4e96a5b2fd50f616e32c1de1803aa3b8150c44018f326d07f029555e61",
    "https://deno.land/x/validatte@0.7.2/behaviors/common/isBase32.ts": "9a10a02d8b9f4e252a7032a07b7d2ab14f9df370b270afe088933adb8fe035f5",
    "https://deno.land/x/validatte@0.7.2/behaviors/common/isBase64.ts": "c373c1c433f6c51a0ae1ee563767e992f7c675413cd8a348294a12780a52f812",
    "https://deno.land/x/validatte@0.7.2/behaviors/common/isBefore.ts": "d8a11ff2e432389e5f5208c99b0d04c1010f3828073716d41aacc08e262376f2",
    "https://deno.land/x/validatte@0.7.2/behaviors/common/isBoolean.ts": "41ade5b55b433e3fef8daf3e2efdf8a580c493a924552a06d33e1e83980c7799",
    "https://deno.land/x/validatte@0.7.2/behaviors/common/isBtcAddress.ts": "7012e690abd6e94cd249753fd01df0e774771bfc6b527283b3c7895f89d2c4f9",
    "https://deno.land/x/validatte@0.7.2/behaviors/common/isByteLength.ts": "f210729b42998971d6161c85f8fff5ac46e414083a8f17d5269cca232d041762",
    "https://deno.land/x/validatte@0.7.2/behaviors/common/isCreditCard.ts": "ae8ee3cefc6d1c41191dccba5ffc1cf6cca15f7292af6822c77d08add1c51207",
    "https://deno.land/x/validatte@0.7.2/behaviors/common/isCurrency.ts": "c05bec8089406b2e2fe358a29a237d4473750c9778942d832fe5d3d61cecca7a",
    "https://deno.land/x/validatte@0.7.2/behaviors/common/isDataURI.ts": "45283277f916129bd6bf2a8d31b9cd2ae4475401be5e5bbffe83171a50d9600f",
    "https://deno.land/x/validatte@0.7.2/behaviors/common/isDate.ts": "5a661d6fcd61f7f522f450a33298907836a5a953e3186a16e6d9aab271ad3444",
    "https://deno.land/x/validatte@0.7.2/behaviors/common/isDecimal.ts": "60f76223241a8bcfba46f21ba809b2ed843c6dd16ebd5272a4c66cd8bdfd4194",
    "https://deno.land/x/validatte@0.7.2/behaviors/common/isDivisibleBy.ts": "85d4daa5e8330a10f2d3f8c6de742e35cc02ec679a0430eb6aa83de9b1e6a9b9",
    "https://deno.land/x/validatte@0.7.2/behaviors/common/isEAN.ts": "39b0e67de5f19ea06c7aa8f0a962f745b944fa0711c79a9ba19f21dc2a5d1dc6",
    "https://deno.land/x/validatte@0.7.2/behaviors/common/isEmail.ts": "a729bcc75e0ca937edacec4306f8f01843b36162ecd4889d1c6b1dbf82ab3a2f",
    "https://deno.land/x/validatte@0.7.2/behaviors/common/isEmpty.ts": "19317c70a3474d90317b5510b0771d11906261e6c0d003c6aa5fb9a33e0516a2",
    "https://deno.land/x/validatte@0.7.2/behaviors/common/isEthereumAddress.ts": "fc9f3a3c394cc55812db5d56b3bafb11b9e564f90e0830cf4d48ac488b0b65ad",
    "https://deno.land/x/validatte@0.7.2/behaviors/common/isFQDN.ts": "8ad9aad17d9dc63d05b35c56a82c3a6b7ddb1d4f87511c9e019f44527ecb2bc3",
    "https://deno.land/x/validatte@0.7.2/behaviors/common/isFloat.ts": "84e7aa246a62adb4de4e03990f8857987f6449c37fd8ee2795fc52ad3906dd44",
    "https://deno.land/x/validatte@0.7.2/behaviors/common/isFullWidth.ts": "9a2f5940d4b54b4014a52ada76aab727dbb9ea12f86954286c92f4aa122e7de9",
    "https://deno.land/x/validatte@0.7.2/behaviors/common/isHSL.ts": "f85876c84d0b460093714217d4c7f7ab9918b0dcb169527ec44a03b85b0b35ac",
    "https://deno.land/x/validatte@0.7.2/behaviors/common/isHalfWidth.ts": "aec4b519b620eed3741b20c44230239baac3416b28c3d93b9a2243e72010cb48",
    "https://deno.land/x/validatte@0.7.2/behaviors/common/isHash.ts": "648c1948446eee3a02fe269ac2b2bc62abc508ccefa248dbe1bc00036307930c",
    "https://deno.land/x/validatte@0.7.2/behaviors/common/isHexColor.ts": "6e0bd76bfc15a37fb652d991a7ee70802a97cbc8c735af21aa0a456baa9167ab",
    "https://deno.land/x/validatte@0.7.2/behaviors/common/isHexadecimal.ts": "e60de2ea7c25be003b6fee6e2ee134bc17fe932dff310f3e882bb79038448478",
    "https://deno.land/x/validatte@0.7.2/behaviors/common/isIBAN.ts": "276e389713901c6f25198319f9b24d7769938a42af21b2be39977fb21c8ea12e",
    "https://deno.land/x/validatte@0.7.2/behaviors/common/isIP.ts": "fc5e84fcd2e393231978a389d76040b63249c74b373578025b9500c56fc71234",
    "https://deno.land/x/validatte@0.7.2/behaviors/common/isIPRange.ts": "10cec77685aed00cb44d82169eb8dbd176ad82c99835dbd3ebd86f57c6771ad7",
    "https://deno.land/x/validatte@0.7.2/behaviors/common/isISBN.ts": "ab981ce3e61ff5950cc9054c5c574d9b3c155712a1d0148f9d2b7cff1271eb92",
    "https://deno.land/x/validatte@0.7.2/behaviors/common/isISIN.ts": "e18d85bedd8e46c723ee618f96e08a389019c7687d2c1986fc2ac5cec63af676",
    "https://deno.land/x/validatte@0.7.2/behaviors/common/isISO31661Alpha2.ts": "8a253eed31e036213dfd31762a531d7a41c4f5493b880c50add23f3163fff182",
    "https://deno.land/x/validatte@0.7.2/behaviors/common/isISO31661Alpha3.ts": "304f7e5974027beb5242f9d3b1cdf3b2976153d61a421578b4286b16bf5fc3b1",
    "https://deno.land/x/validatte@0.7.2/behaviors/common/isISO8601.ts": "8324f686e70bf43210dfe05302f6f763de4a7ad3cffe2e74f8c39b116bf20909",
    "https://deno.land/x/validatte@0.7.2/behaviors/common/isISRC.ts": "9d3437520e6165b3845309c186316a83fd8918dbaef3e692d399a43984b9ac45",
    "https://deno.land/x/validatte@0.7.2/behaviors/common/isISSN.ts": "dddedba62ade5d9bf242c2f30cee2843229a565d67d629a12c737fcb7d9d97fc",
    "https://deno.land/x/validatte@0.7.2/behaviors/common/isIdentityCard.ts": "90f8d0b8f7f424b8c989d51e505309a352ee18e3742e59a72bcaddf9f55a28d3",
    "https://deno.land/x/validatte@0.7.2/behaviors/common/isIn.ts": "f806aece2168cd34ceb250afe54f7910b085a577fe64d3b24ec5c6246d2a1d8f",
    "https://deno.land/x/validatte@0.7.2/behaviors/common/isInt.ts": "14a455417fddc3447e36330dd1efa4fa085bfc18729aea9da61f0b793085a841",
    "https://deno.land/x/validatte@0.7.2/behaviors/common/isJSON.ts": "e7eec619ab90d9fa8b5ccf7d8eebdcea01eef3188fb8b019a949fff5830cad20",
    "https://deno.land/x/validatte@0.7.2/behaviors/common/isJWT.ts": "6e30be61f54522e56075984e1449ac0014ea16510a64bbe70f12c346b0986cb4",
    "https://deno.land/x/validatte@0.7.2/behaviors/common/isLatLong.ts": "532bd82eb6e1c5f780c4bf40fbd21a7926f30a8392350259918a8822bcda7ade",
    "https://deno.land/x/validatte@0.7.2/behaviors/common/isLocale.ts": "e0e9b2f03df8258e9eb5a8a3279ca05d1c0bc65b030cacfeb8ed6429398b8075",
    "https://deno.land/x/validatte@0.7.2/behaviors/common/isLowerCase.ts": "6ac6fecef287bba6ea80c37eb33af2f269eeb499d6d609199e9311db1b3ebb7b",
    "https://deno.land/x/validatte@0.7.2/behaviors/common/isMACAddress.ts": "3d870459752270f953e46c11e561fb69ea61e6678e41c8aec195143fa3fb6bcf",
    "https://deno.land/x/validatte@0.7.2/behaviors/common/isMagnetURI.ts": "420ac2d9aaa2020077b8e3e12ef2815cda8d739547a4edb20f9ab220742465db",
    "https://deno.land/x/validatte@0.7.2/behaviors/common/isMimeType.ts": "bd6843e8254fc0bbbed9b870a0dca910994e43ab913617ec3e48efdaf9f40f7c",
    "https://deno.land/x/validatte@0.7.2/behaviors/common/isMobilePhone.ts": "308c42778bbbbfe85e5b51566d8d83e926fe595a9391e1d87c4c47335758693f",
    "https://deno.land/x/validatte@0.7.2/behaviors/common/isMongoId.ts": "b7dd0729f8cd835e3fe975bee65cf195eee61548f3c0f139be14023e4fa68232",
    "https://deno.land/x/validatte@0.7.2/behaviors/common/isMultibyte.ts": "94ddc5de79596576ed6230439424e94e0b45062ad68218ead3746aca06dc88c9",
    "https://deno.land/x/validatte@0.7.2/behaviors/common/isNumeric.ts": "a631647b12c732b6e4f7256cc9908e3ae887a163f9b31d5253bd08e0f233dfb7",
    "https://deno.land/x/validatte@0.7.2/behaviors/common/isOctal.ts": "69135760e71a57bbff2f0b5cc8587fdabaa52db52b43ff35da72417b4f1bb7a5",
    "https://deno.land/x/validatte@0.7.2/behaviors/common/isPassportNumber.ts": "87a5c66a4852b013bb7b6ce5fa50d8886a4ae005802f39c58b748839dcd249ed",
    "https://deno.land/x/validatte@0.7.2/behaviors/common/isPort.ts": "71ca3e168277ec9716f5d23c2231dc1c1e1da82d1947ccab71dd1056f38ac233",
    "https://deno.land/x/validatte@0.7.2/behaviors/common/isPostalCode.ts": "a07dd05782311fa82eb80bdd23088d51e6cf980841989fa51e1b359bce99444d",
    "https://deno.land/x/validatte@0.7.2/behaviors/common/isRFC3339.ts": "75577b84433d2b703fdb94c78a3027ba025de80c48c80634927fefa2e75fbc86",
    "https://deno.land/x/validatte@0.7.2/behaviors/common/isRgbColor.ts": "e8ff0a172dbb0f4cc26ab1a0308849377ccd2ff6598a514fdd3a120f4934fa6f",
    "https://deno.land/x/validatte@0.7.2/behaviors/common/isSemVer.ts": "a5c3189e9aebc80c1fc3a0055e9a8397045681eb3ac8b9fe8e9b99d1aff2e60e",
    "https://deno.land/x/validatte@0.7.2/behaviors/common/isSlug.ts": "4b07028be66a5465b77c8259fc701963d2f656f07956c22a835bb9a59cd4c742",
    "https://deno.land/x/validatte@0.7.2/behaviors/common/isSurrogatePair.ts": "b583892c5c8a211933ec423a007b04054893741ab980f10432e941369f87a81b",
    "https://deno.land/x/validatte@0.7.2/behaviors/common/isURL.ts": "e3fbc5b0ef1898d3f4fea1c5fd66364dec247847c9328d38080d595e441c85bd",
    "https://deno.land/x/validatte@0.7.2/behaviors/common/isUUID.ts": "d2e1f4eea17c193c4588bbc527e3d45272a75a473e324d396de5464ba302ed1f",
    "https://deno.land/x/validatte@0.7.2/behaviors/common/isUpperCase.ts": "f10f54e6735c1082333197e44354a7015111e2e45eae5cda41840318d0ee6f38",
    "https://deno.land/x/validatte@0.7.2/behaviors/common/isVariableWidth.ts": "4bbe57315cd701ea3412c931c75323ed15f6e9331c1b98c367a0c9c825dfedd0",
    "https://deno.land/x/validatte@0.7.2/behaviors/common/isWhitelisted.ts": "935c6a370dedf122ca31a95a54c2e2fb450b4834096382ce1e45449daf9c989d",
    "https://deno.land/x/validatte@0.7.2/behaviors/common/matches.ts": "f09f02f5be97b13af3496649c79c5d28660b0f34183514c09af2cbb305c61c7e",
    "https://deno.land/x/validatte@0.7.2/behaviors/common/mod.ts": "fa98aac9f09ec4961fba3e63bbb88b3644d6203a669cbd220e374354675dbdba",
    "https://deno.land/x/validatte@0.7.2/behaviors/common/toDate.ts": "6039ba389210853e552cc267139d26ead0b4df53b7f438dd5d7a367a12405c29",
    "https://deno.land/x/validatte@0.7.2/behaviors/common/toFloat.ts": "5ca3fde9036eca801cde73c0501060d6571a382a40a0c7a227d60c8663aee491",
    "https://deno.land/x/validatte@0.7.2/behaviors/common/util/includes.ts": "2fecfcd3c4781646561b8f4117101bca3bcb752323958505fc4edd3d981453e4",
    "https://deno.land/x/validatte@0.7.2/behaviors/common/util/merge.ts": "ae9840edf8f2e7715f7d95aa080de761eddeff0ad493ef8248550cc20eb2cc27",
    "https://deno.land/x/validatte@0.7.2/behaviors/common/util/multilineRegex.ts": "d873be92007e5952c3a1d89683a8ed0168415ebf44f9f5621d6d06bbdcd111d8",
    "https://deno.land/x/validatte@0.7.2/behaviors/common/util/toString.ts": "82fc8311e17b09f29c7fa55bfec39b6ec288c2d93b5b98f40356948ac89e39cd",
    "https://deno.land/x/validatte@0.7.2/behaviors/mod.ts": "5721e62f7afd0da797d5a2253139b79f9df20f14de67f611eb4c2cf9af144072",
    "https://deno.land/x/validatte@0.7.2/behaviors/number.ts": "24778150856544ea341360d7e700e27e5d8d8138d6c42ca231458336cd77eaee",
    "https://deno.land/x/validatte@0.7.2/behaviors/phone-number.ts": "5c448e2ac0f232f166ba6fc61b5ef15c848e40d6aee50d55436b34eb37130f8b",
    "https://deno.land/x/validatte@0.7.2/behaviors/string.ts": "1e10951582409cf2d37eb56c10d1affccd504302ed3b781319e95c39899fecf9",
    "https://deno.land/x/validatte@0.7.2/deps.ts": "ffb2eb3221c1ef291a3a6dbce83825137409edaac9ac22e57414c1cb214a642f",
    "https://deno.land/x/validatte@0.7.2/errors.ts": "f08fb050a6fc982814c3aa1f0e390648ffee77dee19152e367992c32fc65ee6f",
    "https://deno.land/x/validatte@0.7.2/mod.ts": "f23a7e287f8cdcde306a8af5d8980b90ab32f0238d5e931eace5545a44bd6bec",
    "https://deno.land/x/validatte@0.7.2/transform.ts": "310fb214f27d9ecc09664a4bb82c2efa3f9975a01282edaae731670fe8377b3e",
    "https://deno.land/x/validatte@0.7.2/types.ts": "08ba24c37db9c79ce9b4e0b4d280fb6de1236c6b1f4a3573640bcac994539429",
    "https://deno.land/x/validatte@0.7.2/validate.ts": "cd615164a2ff1551b4f24e150009615922886f88733c41a1c1e231a8dc51e2c2",
    "https://deno.land/x/validatte@0.7.2/validators/common.ts": "ca6cd85b1a22ff02d27960ab81a1064ac185e6dfe2dfa4d52d9d185a2d885c5c",
    "https://deno.land/x/validatte@0.7.2/validators/mod.ts": "2b2b36a34b4fef8f822ea065131f1b745f1a0289ae21fad803723b5dc152d528",
    "https://deno.land/x/validatte@0.7.2/validators/nested.ts": "92a7d938ce85198486a3d75af2e52d884a080fce1bc83fff2f59c3cd3efe41f6",
    "https://deno.land/x/validatte@0.7.2/validators/number.ts": "bcff549876a9f4adcf3d884da0dea33824c8f6045345e34d1c34e1f8151d584a",
    "https://deno.land/x/validatte@0.7.2/validators/phone-number.ts": "8766c34a6bf252a0a02ee4e8d1ac219d3721eb3b5d10c775deaa222e2e55bf7d",
    "https://deno.land/x/validatte@0.7.2/validators/string.ts": "8207993770437274e22e8a71ce36781ba320b3ae25247df606cad9a7e1ee81e9",
    "https://deno.land/x/validatte@0.7.2/validators/types-validators.ts": "7c808ec4b955f87dfc40b9f9d4714f28a13cc44b42b1ddec8ab0f1603f93ddeb",
    "https://esm.sh/handlebars@4.7.7": "d06e76a5f1c37b8b5a5115e6bf284933f7dd1592594943d43b68830c4e5807d0",
    "https://esm.sh/v135/handlebars@4.7.7/denonext/handlebars.mjs": "54bcd776736561fd69c50fc895e720143f7e64009e6a81fb8e515b85cbb87616",
    "https://esm.sh/v135/source-map@0.6.1/denonext/source-map.mjs": "ccff3bb06dea7c01a2c83cf12113697592e418fd06b55ae2bb4cb0a4e51a98b8"
  },
  "workspace": {
    "dependencies": [
      "jsr:@std/dotenv@^0.224.0"
    ]
  }
}
